
Microsoft Visual Studio Solution File, Format Version 12.00
Project("{FAE04EC0-301F-11D3-BF4B-00C04F79EFBC}") = "TrelloApiClientBackend", "TrelloApiClientBackend\TrelloApiClientBackend.csproj", "{7CF26834-4416-477D-BC19-54CC42FA8984}"
EndProject
Global
	GlobalSection(SolutionConfigurationPlatforms) = preSolution
		Debug|Any CPU = Debug|Any CPU
		Release|Any CPU = Release|Any CPU
	EndGlobalSection
	GlobalSection(ProjectConfigurationPlatforms) = postSolution
		{7CF26834-4416-477D-BC19-54CC42FA8984}.Debug|Any CPU.ActiveCfg = Debug|Any CPU
		{7CF26834-4416-477D-BC19-54CC42FA8984}.Debug|Any CPU.Build.0 = Debug|Any CPU
		{7CF26834-4416-477D-BC19-54CC42FA8984}.Release|Any CPU.ActiveCfg = Release|Any CPU
		{7CF26834-4416-477D-BC19-54CC42FA8984}.Release|Any CPU.Build.0 = Release|Any CPU
	EndGlobalSection
EndGlobal
